{
  "projects": [
    {
      "projectId": "hSC5XMAvbDbmF4e5kuW6xC",
      "version": "latest",
      "dependencies": {},
      "lang": "ts",
      "fileLocks": [
        {
          "type": "globalVariant",
          "assetId": "8CZvMtK1xUh",
          "checksum": "35b2ff616e8db2f5e9858d58a5431345"
        },
        {
          "assetId": "hSC5XMAvbDbmF4e5kuW6xC",
          "type": "projectCss",
          "checksum": "f17743f319f02e02256267ddc4dd966d"
        }
      ]
    }
  ],
  "cliVersion": "0.1.163"
}
